{
  "lockfile_version": "1",
  "packages": {
    "git@latest": {
      "last_modified": "2025-02-07T11:26:36Z",
      "resolved": "github:NixOS/nixpkgs/d98abf5cf5914e5e4e9d57205e3af55ca90ffc1d#git",
      "source": "devbox-search",
      "version": "2.47.2",
      "systems": {
        "aarch64-darwin": {
          "outputs": [
            {
              "name": "out",
              "path": "/nix/store/9z3jhc0rlj3zaw8nd1zka9vli6w0q11g-git-2.47.2",
              "default": true
            },
            {
              "name": "doc",
              "path": "/nix/store/rh151iwgy4h8yv8kxd5facw57cyj0bav-git-2.47.2-doc"
            }
          ],
          "store_path": "/nix/store/9z3jhc0rlj3zaw8nd1zka9vli6w0q11g-git-2.47.2"
        },
        "aarch64-linux": {
          "outputs": [
            {
              "name": "out",
              "path": "/nix/store/gx5y37qcfqdvn0h6swjd04dmqjjh3nk7-git-2.47.2",
              "default": true
            },
            {
              "name": "debug",
              "path": "/nix/store/8vfpmf3vjgzl2psip76p0f9h11sb6y3p-git-2.47.2-debug"
            },
            {
              "name": "doc",
              "path": "/nix/store/c25mq3q83dvw3k5pb0qr5333g3cycylq-git-2.47.2-doc"
            }
          ],
          "store_path": "/nix/store/gx5y37qcfqdvn0h6swjd04dmqjjh3nk7-git-2.47.2"
        },
        "x86_64-darwin": {
          "outputs": [
            {
              "name": "out",
              "path": "/nix/store/39xx5gx3hxigs1b5ldw5i2jr84vsn3rf-git-2.47.2",
              "default": true
            },
            {
              "name": "doc",
              "path": "/nix/store/xmh2djjrnbpiqqgpblrcbavnqh0nv4km-git-2.47.2-doc"
            }
          ],
          "store_path": "/nix/store/39xx5gx3hxigs1b5ldw5i2jr84vsn3rf-git-2.47.2"
        },
        "x86_64-linux": {
          "outputs": [
            {
              "name": "out",
              "path": "/nix/store/33g65w5cc9n8fr0hxj84282xmv4l7hyl-git-2.47.2",
              "default": true
            },
            {
              "name": "debug",
              "path": "/nix/store/jyz4nvcd3bci4vg2sfsmvrq0fp9mzr5a-git-2.47.2-debug"
            },
            {
              "name": "doc",
              "path": "/nix/store/lb4nipdhlwrxdavz7gdkcik6lkz3cbdm-git-2.47.2-doc"
            }
          ],
          "store_path": "/nix/store/33g65w5cc9n8fr0hxj84282xmv4l7hyl-git-2.47.2"
        }
      }
    },
    "github:NixOS/nixpkgs/nixpkgs-unstable": {
      "resolved": "github:NixOS/nixpkgs/dad564433178067be1fbdfcce23b546254b6d641?lastModified=1740019556&narHash=sha256-vn285HxnnlHLWnv59Og7muqECNMS33mWLM14soFIv2g%3D"
    },
    "gnumake@latest": {
      "last_modified": "2025-02-16T09:28:34Z",
      "resolved": "github:NixOS/nixpkgs/b1b43d32be000928cc71250ed77f4a0a5f2bc23a#gnumake",
      "source": "devbox-search",
      "version": "4.4.1",
      "systems": {
        "aarch64-darwin": {
          "outputs": [
            {
              "name": "out",
              "path": "/nix/store/sbi3qw92i2lmm50agfl6hyys4ns5p1cb-gnumake-4.4.1",
              "default": true
            },
            {
              "name": "man",
              "path": "/nix/store/wy7f1yyfq701271vnrr2f5kzbq14ldwb-gnumake-4.4.1-man",
              "default": true
            },
            {
              "name": "info",
              "path": "/nix/store/hawnsgjd9lxxdwgbs3vmqf0074kdzzwg-gnumake-4.4.1-info"
            }
          ],
          "store_path": "/nix/store/sbi3qw92i2lmm50agfl6hyys4ns5p1cb-gnumake-4.4.1"
        },
        "aarch64-linux": {
          "outputs": [
            {
              "name": "out",
              "path": "/nix/store/m2kxzc7bdf6jryshyx28iiwzhwy9yy4r-gnumake-4.4.1",
              "default": true
            },
            {
              "name": "man",
              "path": "/nix/store/j19np241ay4yhr2713ix78qbxgdywnxd-gnumake-4.4.1-man",
              "default": true
            },
            {
              "name": "debug",
              "path": "/nix/store/wqw8qqdbxjq1ryd83qrp8845j31ymdl2-gnumake-4.4.1-debug"
            },
            {
              "name": "info",
              "path": "/nix/store/xw267hlm12127bsj285iqlylgkds9xcz-gnumake-4.4.1-info"
            }
          ],
          "store_path": "/nix/store/m2kxzc7bdf6jryshyx28iiwzhwy9yy4r-gnumake-4.4.1"
        },
        "x86_64-darwin": {
          "outputs": [
            {
              "name": "out",
              "path": "/nix/store/phxnsrf7p9ydqy9rzm1b2hgifj0sq2jf-gnumake-4.4.1",
              "default": true
            },
            {
              "name": "man",
              "path": "/nix/store/4hxywqd01lg9llz89xhpnkvbhs7kviw9-gnumake-4.4.1-man",
              "default": true
            },
            {
              "name": "info",
              "path": "/nix/store/6svs2xnshx2hjl92mhknrw6b1j2fixj6-gnumake-4.4.1-info"
            }
          ],
          "store_path": "/nix/store/phxnsrf7p9ydqy9rzm1b2hgifj0sq2jf-gnumake-4.4.1"
        },
        "x86_64-linux": {
          "outputs": [
            {
              "name": "out",
              "path": "/nix/store/lg5s5rccg0b7kdlz9xmqmz3f2h89knxm-gnumake-4.4.1",
              "default": true
            },
            {
              "name": "man",
              "path": "/nix/store/gxnp20132z46q5imfhcbpqg4s1r57i70-gnumake-4.4.1-man",
              "default": true
            },
            {
              "name": "info",
              "path": "/nix/store/ja4k39ai5qn07i8z397b621cj5gbbswj-gnumake-4.4.1-info"
            },
            {
              "name": "debug",
              "path": "/nix/store/0m3pbrkq6srhqy3lghm5n6xbi60m1dx0-gnumake-4.4.1-debug"
            }
          ],
          "store_path": "/nix/store/lg5s5rccg0b7kdlz9xmqmz3f2h89knxm-gnumake-4.4.1"
        }
      }
    },
    "pm2@latest": {
      "last_modified": "2025-02-07T11:26:36Z",
      "resolved": "github:NixOS/nixpkgs/d98abf5cf5914e5e4e9d57205e3af55ca90ffc1d#pm2",
      "source": "devbox-search",
      "version": "5.4.2",
      "systems": {
        "aarch64-darwin": {
          "outputs": [
            {
              "name": "out",
              "path": "/nix/store/63n9ijkkargranrjvzyf1vxxwhf6v75d-pm2-5.4.2",
              "default": true
            }
          ],
          "store_path": "/nix/store/63n9ijkkargranrjvzyf1vxxwhf6v75d-pm2-5.4.2"
        },
        "aarch64-linux": {
          "outputs": [
            {
              "name": "out",
              "path": "/nix/store/1a6ncjbzzm01g1341286cdp7bvhspfc5-pm2-5.4.2",
              "default": true
            }
          ],
          "store_path": "/nix/store/1a6ncjbzzm01g1341286cdp7bvhspfc5-pm2-5.4.2"
        },
        "x86_64-darwin": {
          "outputs": [
            {
              "name": "out",
              "path": "/nix/store/8m1rnl23mndzg466cf0bkydrygr8g1xj-pm2-5.4.2",
              "default": true
            }
          ],
          "store_path": "/nix/store/8m1rnl23mndzg466cf0bkydrygr8g1xj-pm2-5.4.2"
        },
        "x86_64-linux": {
          "outputs": [
            {
              "name": "out",
              "path": "/nix/store/vsd939b2m6dls6w4njj2772lb1aiz5ix-pm2-5.4.2",
              "default": true
            }
          ],
          "store_path": "/nix/store/vsd939b2m6dls6w4njj2772lb1aiz5ix-pm2-5.4.2"
        }
      }
    },
    "python2@latest": {
      "last_modified": "2025-02-07T11:26:36Z",
      "plugin_version": "0.0.4",
      "resolved": "github:NixOS/nixpkgs/d98abf5cf5914e5e4e9d57205e3af55ca90ffc1d#python2",
      "source": "devbox-search",
      "version": "2.7.18.8",
      "systems": {
        "aarch64-darwin": {
          "outputs": [
            {
              "name": "out",
              "path": "/nix/store/s7r7y6jxp76lzydim9hjny8q59g6f110-python-2.7.18.8",
              "default": true
            }
          ],
          "store_path": "/nix/store/s7r7y6jxp76lzydim9hjny8q59g6f110-python-2.7.18.8"
        },
        "aarch64-linux": {
          "outputs": [
            {
              "name": "out",
              "path": "/nix/store/4hw80xhawzk7ljk4284ph1rf3k73808g-python-2.7.18.8",
              "default": true
            }
          ],
          "store_path": "/nix/store/4hw80xhawzk7ljk4284ph1rf3k73808g-python-2.7.18.8"
        },
        "x86_64-darwin": {
          "outputs": [
            {
              "name": "out",
              "path": "/nix/store/mz0whirp9pa9f2klrpbs4mz8lbsx44vy-python-2.7.18.8",
              "default": true
            }
          ],
          "store_path": "/nix/store/mz0whirp9pa9f2klrpbs4mz8lbsx44vy-python-2.7.18.8"
        },
        "x86_64-linux": {
          "outputs": [
            {
              "name": "out",
              "path": "/nix/store/i3vgw03apvryl94lqn229rxmiqrihnz8-python-2.7.18.8",
              "default": true
            }
          ],
          "store_path": "/nix/store/i3vgw03apvryl94lqn229rxmiqrihnz8-python-2.7.18.8"
        }
      }
    }
  }
}
